
Microsoft Visual Studio Solution File, Format Version 12.00
# Visual Studio 15
VisualStudioVersion = 15.0.28307.168
MinimumVisualStudioVersion = 10.0.40219.1
Project("{FAE04EC0-301F-11D3-BF4B-00C04F79EFBC}") = "Test1", "Test1\Test1.csproj", "{2A1BADD0-E413-4D5F-B9D0-15260F61B24D}"
EndProject
Project("{FAE04EC0-301F-11D3-BF4B-00C04F79EFBC}") = "ConsoleApp1", "ConsoleApp1\ConsoleApp1.csproj", "{F4904776-2AC3-42CC-9327-2BB8C8AD3A94}"
EndProject
Project("{FAE04EC0-301F-11D3-BF4B-00C04F79EFBC}") = "data", "data\data.csproj", "{64F77AFD-DBA8-4C76-9CF0-DF743872CF2A}"
EndProject
Global
	GlobalSection(SolutionConfigurationPlatforms) = preSolution
		Debug|Any CPU = Debug|Any CPU
		Release|Any CPU = Release|Any CPU
	EndGlobalSection
	GlobalSection(ProjectConfigurationPlatforms) = postSolution
		{2A1BADD0-E413-4D5F-B9D0-15260F61B24D}.Debug|Any CPU.ActiveCfg = Debug|Any CPU
		{2A1BADD0-E413-4D5F-B9D0-15260F61B24D}.Debug|Any CPU.Build.0 = Debug|Any CPU
		{2A1BADD0-E413-4D5F-B9D0-15260F61B24D}.Release|Any CPU.ActiveCfg = Release|Any CPU
		{2A1BADD0-E413-4D5F-B9D0-15260F61B24D}.Release|Any CPU.Build.0 = Release|Any CPU
		{F4904776-2AC3-42CC-9327-2BB8C8AD3A94}.Debug|Any CPU.ActiveCfg = Debug|Any CPU
		{F4904776-2AC3-42CC-9327-2BB8C8AD3A94}.Debug|Any CPU.Build.0 = Debug|Any CPU
		{F4904776-2AC3-42CC-9327-2BB8C8AD3A94}.Release|Any CPU.ActiveCfg = Release|Any CPU
		{F4904776-2AC3-42CC-9327-2BB8C8AD3A94}.Release|Any CPU.Build.0 = Release|Any CPU
		{64F77AFD-DBA8-4C76-9CF0-DF743872CF2A}.Debug|Any CPU.ActiveCfg = Debug|Any CPU
		{64F77AFD-DBA8-4C76-9CF0-DF743872CF2A}.Debug|Any CPU.Build.0 = Debug|Any CPU
		{64F77AFD-DBA8-4C76-9CF0-DF743872CF2A}.Release|Any CPU.ActiveCfg = Release|Any CPU
		{64F77AFD-DBA8-4C76-9CF0-DF743872CF2A}.Release|Any CPU.Build.0 = Release|Any CPU
	EndGlobalSection
	GlobalSection(SolutionProperties) = preSolution
		HideSolutionNode = FALSE
	EndGlobalSection
	GlobalSection(ExtensibilityGlobals) = postSolution
		SolutionGuid = {5111C317-8262-454D-A44F-36BD83ECFF7E}
	EndGlobalSection
EndGlobal
